
Microsoft Visual Studio Solution File, Format Version 12.00
# Visual Studio Version 17
VisualStudioVersion = 17.6.33815.320
MinimumVisualStudioVersion = 10.0.40219.1
Project("{FAE04EC0-301F-11D3-BF4B-00C04F79EFBC}") = "Poliklinika.Api", "Poliklinika.Api\Poliklinika.Api.csproj", "{F5F5EFE8-5A43-4BAC-9854-95D9591BAE26}"
EndProject
Project("{2150E333-8FDC-42A3-9474-1A3956D46DE8}") = "Poliklinika", "Poliklinika", "{3B74ABBE-6E46-456C-BDAB-897A13CF906C}"
EndProject
Project("{FAE04EC0-301F-11D3-BF4B-00C04F79EFBC}") = "Poliklinka.Domain", "Poliklinka.Domain\Poliklinka.Domain.csproj", "{DCADAC6E-09C6-4310-952C-776E04C67FED}"
EndProject
Project("{FAE04EC0-301F-11D3-BF4B-00C04F79EFBC}") = "Poliklinika.Application", "Poliklinika.Application\Poliklinika.Application.csproj", "{2354F9AD-B516-45C7-93A1-9C2913AFDAF9}"
EndProject
Project("{FAE04EC0-301F-11D3-BF4B-00C04F79EFBC}") = "Poliklinika.Infrastructure", "Poliklinika.Infrastructure\Poliklinika.Infrastructure.csproj", "{3DB2895C-70A7-469B-9B03-E93292CB9B39}"
EndProject
Global
	GlobalSection(SolutionConfigurationPlatforms) = preSolution
		Debug|Any CPU = Debug|Any CPU
		Release|Any CPU = Release|Any CPU
	EndGlobalSection
	GlobalSection(ProjectConfigurationPlatforms) = postSolution
		{F5F5EFE8-5A43-4BAC-9854-95D9591BAE26}.Debug|Any CPU.ActiveCfg = Debug|Any CPU
		{F5F5EFE8-5A43-4BAC-9854-95D9591BAE26}.Debug|Any CPU.Build.0 = Debug|Any CPU
		{F5F5EFE8-5A43-4BAC-9854-95D9591BAE26}.Release|Any CPU.ActiveCfg = Release|Any CPU
		{F5F5EFE8-5A43-4BAC-9854-95D9591BAE26}.Release|Any CPU.Build.0 = Release|Any CPU
		{DCADAC6E-09C6-4310-952C-776E04C67FED}.Debug|Any CPU.ActiveCfg = Debug|Any CPU
		{DCADAC6E-09C6-4310-952C-776E04C67FED}.Debug|Any CPU.Build.0 = Debug|Any CPU
		{DCADAC6E-09C6-4310-952C-776E04C67FED}.Release|Any CPU.ActiveCfg = Release|Any CPU
		{DCADAC6E-09C6-4310-952C-776E04C67FED}.Release|Any CPU.Build.0 = Release|Any CPU
		{2354F9AD-B516-45C7-93A1-9C2913AFDAF9}.Debug|Any CPU.ActiveCfg = Debug|Any CPU
		{2354F9AD-B516-45C7-93A1-9C2913AFDAF9}.Debug|Any CPU.Build.0 = Debug|Any CPU
		{2354F9AD-B516-45C7-93A1-9C2913AFDAF9}.Release|Any CPU.ActiveCfg = Release|Any CPU
		{2354F9AD-B516-45C7-93A1-9C2913AFDAF9}.Release|Any CPU.Build.0 = Release|Any CPU
		{3DB2895C-70A7-469B-9B03-E93292CB9B39}.Debug|Any CPU.ActiveCfg = Debug|Any CPU
		{3DB2895C-70A7-469B-9B03-E93292CB9B39}.Debug|Any CPU.Build.0 = Debug|Any CPU
		{3DB2895C-70A7-469B-9B03-E93292CB9B39}.Release|Any CPU.ActiveCfg = Release|Any CPU
		{3DB2895C-70A7-469B-9B03-E93292CB9B39}.Release|Any CPU.Build.0 = Release|Any CPU
	EndGlobalSection
	GlobalSection(SolutionProperties) = preSolution
		HideSolutionNode = FALSE
	EndGlobalSection
	GlobalSection(NestedProjects) = preSolution
		{F5F5EFE8-5A43-4BAC-9854-95D9591BAE26} = {3B74ABBE-6E46-456C-BDAB-897A13CF906C}
		{DCADAC6E-09C6-4310-952C-776E04C67FED} = {3B74ABBE-6E46-456C-BDAB-897A13CF906C}
		{2354F9AD-B516-45C7-93A1-9C2913AFDAF9} = {3B74ABBE-6E46-456C-BDAB-897A13CF906C}
		{3DB2895C-70A7-469B-9B03-E93292CB9B39} = {3B74ABBE-6E46-456C-BDAB-897A13CF906C}
	EndGlobalSection
	GlobalSection(ExtensibilityGlobals) = postSolution
		SolutionGuid = {69285D5A-6DB8-41BC-9106-2ABA3FC6F2D6}
	EndGlobalSection
EndGlobal
