
Microsoft Visual Studio Solution File, Format Version 12.00
# Visual Studio Version 17
VisualStudioVersion = 17.6.33815.320
MinimumVisualStudioVersion = 10.0.40219.1
Project("{9A19103F-16F7-4668-BE54-9A1E7A4F7556}") = "Poliklinika.Api", "Poliklinika.Api\Poliklinika.Api.csproj", "{F5F5EFE8-5A43-4BAC-9854-95D9591BAE26}"
EndProject
Project("{2150E333-8FDC-42A3-9474-1A3956D46DE8}") = "Poliklinika", "Poliklinika", "{3B74ABBE-6E46-456C-BDAB-897A13CF906C}"
EndProject
Project("{9A19103F-16F7-4668-BE54-9A1E7A4F7556}") = "Poliklinka.Domain", "Poliklinka.Domain\Poliklinka.Domain.csproj", "{DCADAC6E-09C6-4310-952C-776E04C67FED}"
EndProject
Project("{9A19103F-16F7-4668-BE54-9A1E7A4F7556}") = "Poliklinika.Application", "Poliklinika.Application\Poliklinika.Application.csproj", "{2354F9AD-B516-45C7-93A1-9C2913AFDAF9}"
EndProject
Project("{9A19103F-16F7-4668-BE54-9A1E7A4F7556}") = "Poliklinika.Infrastructure", "Poliklinika.Infrastructure\Poliklinika.Infrastructure.csproj", "{3DB2895C-70A7-469B-9B03-E93292CB9B39}"
EndProject
Project("{E53339B2-1760-4266-BCC7-CA923CBCF16C}") = "docker-compose", "docker-compose.dcproj", "{610D562B-CF3B-4EC2-96C4-5AA720E5B731}"
EndProject
Project("{2150E333-8FDC-42A3-9474-1A3956D46DE8}") = "Jwt", "Jwt", "{A657142A-C48D-4EDD-A475-9ED5CDC4A315}"
EndProject
Project("{FAE04EC0-301F-11D3-BF4B-00C04F79EFBC}") = "Jwt.Api", "Jwt\Jwt.Api\Jwt.Api.csproj", "{EAB351AF-F4D9-4E55-AE65-3E18ADE31072}"
EndProject
Project("{2150E333-8FDC-42A3-9474-1A3956D46DE8}") = "Getaway", "Getaway", "{55F9D3C3-EC0C-4CBA-BEED-12B1FEF605CB}"
EndProject
Project("{FAE04EC0-301F-11D3-BF4B-00C04F79EFBC}") = "Getaway.Api", "Getaway\Getaway.Api\Getaway.Api.csproj", "{7E72D099-A502-4907-A8FD-42B695EC9D6D}"
EndProject
Global
	GlobalSection(SolutionConfigurationPlatforms) = preSolution
		Debug|Any CPU = Debug|Any CPU
		Release|Any CPU = Release|Any CPU
	EndGlobalSection
	GlobalSection(ProjectConfigurationPlatforms) = postSolution
		{F5F5EFE8-5A43-4BAC-9854-95D9591BAE26}.Debug|Any CPU.ActiveCfg = Debug|Any CPU
		{F5F5EFE8-5A43-4BAC-9854-95D9591BAE26}.Debug|Any CPU.Build.0 = Debug|Any CPU
		{F5F5EFE8-5A43-4BAC-9854-95D9591BAE26}.Release|Any CPU.ActiveCfg = Release|Any CPU
		{F5F5EFE8-5A43-4BAC-9854-95D9591BAE26}.Release|Any CPU.Build.0 = Release|Any CPU
		{DCADAC6E-09C6-4310-952C-776E04C67FED}.Debug|Any CPU.ActiveCfg = Debug|Any CPU
		{DCADAC6E-09C6-4310-952C-776E04C67FED}.Debug|Any CPU.Build.0 = Debug|Any CPU
		{DCADAC6E-09C6-4310-952C-776E04C67FED}.Release|Any CPU.ActiveCfg = Release|Any CPU
		{DCADAC6E-09C6-4310-952C-776E04C67FED}.Release|Any CPU.Build.0 = Release|Any CPU
		{2354F9AD-B516-45C7-93A1-9C2913AFDAF9}.Debug|Any CPU.ActiveCfg = Debug|Any CPU
		{2354F9AD-B516-45C7-93A1-9C2913AFDAF9}.Debug|Any CPU.Build.0 = Debug|Any CPU
		{2354F9AD-B516-45C7-93A1-9C2913AFDAF9}.Release|Any CPU.ActiveCfg = Release|Any CPU
		{2354F9AD-B516-45C7-93A1-9C2913AFDAF9}.Release|Any CPU.Build.0 = Release|Any CPU
		{3DB2895C-70A7-469B-9B03-E93292CB9B39}.Debug|Any CPU.ActiveCfg = Debug|Any CPU
		{3DB2895C-70A7-469B-9B03-E93292CB9B39}.Debug|Any CPU.Build.0 = Debug|Any CPU
		{3DB2895C-70A7-469B-9B03-E93292CB9B39}.Release|Any CPU.ActiveCfg = Release|Any CPU
		{3DB2895C-70A7-469B-9B03-E93292CB9B39}.Release|Any CPU.Build.0 = Release|Any CPU
		{610D562B-CF3B-4EC2-96C4-5AA720E5B731}.Debug|Any CPU.ActiveCfg = Debug|Any CPU
		{610D562B-CF3B-4EC2-96C4-5AA720E5B731}.Debug|Any CPU.Build.0 = Debug|Any CPU
		{610D562B-CF3B-4EC2-96C4-5AA720E5B731}.Release|Any CPU.ActiveCfg = Release|Any CPU
		{610D562B-CF3B-4EC2-96C4-5AA720E5B731}.Release|Any CPU.Build.0 = Release|Any CPU
		{EAB351AF-F4D9-4E55-AE65-3E18ADE31072}.Debug|Any CPU.ActiveCfg = Debug|Any CPU
		{EAB351AF-F4D9-4E55-AE65-3E18ADE31072}.Debug|Any CPU.Build.0 = Debug|Any CPU
		{EAB351AF-F4D9-4E55-AE65-3E18ADE31072}.Release|Any CPU.ActiveCfg = Release|Any CPU
		{EAB351AF-F4D9-4E55-AE65-3E18ADE31072}.Release|Any CPU.Build.0 = Release|Any CPU
		{7E72D099-A502-4907-A8FD-42B695EC9D6D}.Debug|Any CPU.ActiveCfg = Debug|Any CPU
		{7E72D099-A502-4907-A8FD-42B695EC9D6D}.Debug|Any CPU.Build.0 = Debug|Any CPU
		{7E72D099-A502-4907-A8FD-42B695EC9D6D}.Release|Any CPU.ActiveCfg = Release|Any CPU
		{7E72D099-A502-4907-A8FD-42B695EC9D6D}.Release|Any CPU.Build.0 = Release|Any CPU
	EndGlobalSection
	GlobalSection(SolutionProperties) = preSolution
		HideSolutionNode = FALSE
	EndGlobalSection
	GlobalSection(NestedProjects) = preSolution
		{F5F5EFE8-5A43-4BAC-9854-95D9591BAE26} = {3B74ABBE-6E46-456C-BDAB-897A13CF906C}
		{DCADAC6E-09C6-4310-952C-776E04C67FED} = {3B74ABBE-6E46-456C-BDAB-897A13CF906C}
		{2354F9AD-B516-45C7-93A1-9C2913AFDAF9} = {3B74ABBE-6E46-456C-BDAB-897A13CF906C}
		{3DB2895C-70A7-469B-9B03-E93292CB9B39} = {3B74ABBE-6E46-456C-BDAB-897A13CF906C}
		{EAB351AF-F4D9-4E55-AE65-3E18ADE31072} = {A657142A-C48D-4EDD-A475-9ED5CDC4A315}
		{7E72D099-A502-4907-A8FD-42B695EC9D6D} = {55F9D3C3-EC0C-4CBA-BEED-12B1FEF605CB}
	EndGlobalSection
	GlobalSection(ExtensibilityGlobals) = postSolution
		SolutionGuid = {69285D5A-6DB8-41BC-9106-2ABA3FC6F2D6}
	EndGlobalSection
EndGlobal
