
Microsoft Visual Studio Solution File, Format Version 12.00
# Visual Studio Version 17
VisualStudioVersion = 17.6.33815.320
MinimumVisualStudioVersion = 10.0.40219.1
Project("{9A19103F-16F7-4668-BE54-9A1E7A4F7556}") = "Poliklinika.Api", "Poliklinika.Api\Poliklinika.Api.csproj", "{F5F5EFE8-5A43-4BAC-9854-95D9591BAE26}"
EndProject
Project("{2150E333-8FDC-42A3-9474-1A3956D46DE8}") = "Poliklinika", "Poliklinika", "{3B74ABBE-6E46-456C-BDAB-897A13CF906C}"
EndProject
Project("{9A19103F-16F7-4668-BE54-9A1E7A4F7556}") = "Poliklinka.Domain", "Poliklinka.Domain\Poliklinka.Domain.csproj", "{DCADAC6E-09C6-4310-952C-776E04C67FED}"
EndProject
Project("{9A19103F-16F7-4668-BE54-9A1E7A4F7556}") = "Poliklinika.Application", "Poliklinika.Application\Poliklinika.Application.csproj", "{2354F9AD-B516-45C7-93A1-9C2913AFDAF9}"
EndProject
Project("{9A19103F-16F7-4668-BE54-9A1E7A4F7556}") = "Poliklinika.Infrastructure", "Poliklinika.Infrastructure\Poliklinika.Infrastructure.csproj", "{3DB2895C-70A7-469B-9B03-E93292CB9B39}"
EndProject
Project("{E53339B2-1760-4266-BCC7-CA923CBCF16C}") = "docker-compose", "docker-compose.dcproj", "{610D562B-CF3B-4EC2-96C4-5AA720E5B731}"
EndProject
Project("{2150E333-8FDC-42A3-9474-1A3956D46DE8}") = "Jwt", "Jwt", "{A657142A-C48D-4EDD-A475-9ED5CDC4A315}"
EndProject
Project("{9A19103F-16F7-4668-BE54-9A1E7A4F7556}") = "Jwt.Api", "Jwt\Jwt.Api\Jwt.Api.csproj", "{EAB351AF-F4D9-4E55-AE65-3E18ADE31072}"
EndProject
Project("{2150E333-8FDC-42A3-9474-1A3956D46DE8}") = "Getaway", "Getaway", "{55F9D3C3-EC0C-4CBA-BEED-12B1FEF605CB}"
EndProject
Project("{9A19103F-16F7-4668-BE54-9A1E7A4F7556}") = "Getaway.Api", "Getaway\Getaway.Api\Getaway.Api.csproj", "{7E72D099-A502-4907-A8FD-42B695EC9D6D}"
EndProject
Project("{2150E333-8FDC-42A3-9474-1A3956D46DE8}") = "Restarant", "Restarant", "{B52E3826-8866-47F5-8B39-4EE214CE4EB1}"
EndProject
Project("{9A19103F-16F7-4668-BE54-9A1E7A4F7556}") = "Restarant.Api", "Restarant\Restarant.Api\Restarant.Api.csproj", "{655D50D5-B239-40A6-B42C-B9053080F436}"
EndProject
Project("{9A19103F-16F7-4668-BE54-9A1E7A4F7556}") = "Restarant.Application", "Restarant\Restarant.Application\Restarant.Application.csproj", "{B267D7B3-DBAB-423A-9FFB-3EA3FCFF1E7E}"
EndProject
Project("{9A19103F-16F7-4668-BE54-9A1E7A4F7556}") = "Restarant.Infrastructure", "Restarant\Restarant.Infrastructure\Restarant.Infrastructure.csproj", "{126E94E4-DA5E-4807-88ED-0523D7D6A1E7}"
EndProject
Project("{9A19103F-16F7-4668-BE54-9A1E7A4F7556}") = "Restarant.Domain", "Restarant\Restarant.Domain\Restarant.Domain.csproj", "{B9B09437-E7A3-4F24-8666-A5FF88A96999}"
EndProject
Project("{2150E333-8FDC-42A3-9474-1A3956D46DE8}") = "Yandex", "Yandex", "{BCD4A215-8C52-4D3B-85BC-E1DBD91ECF96}"
EndProject
Project("{9A19103F-16F7-4668-BE54-9A1E7A4F7556}") = "Yandex.Api", "Yandex\Yandex.Api\Yandex.Api.csproj", "{172E7536-99EF-4688-A165-F4816A3E7480}"
EndProject
Project("{9A19103F-16F7-4668-BE54-9A1E7A4F7556}") = "Yandex.Domain", "Yandex\Yandex.Domain\Yandex.Domain.csproj", "{71422E4B-0466-4C25-98EF-3D95A23758DF}"
EndProject
Project("{9A19103F-16F7-4668-BE54-9A1E7A4F7556}") = "Yandex.Application", "Yandex\Yandex.Application\Yandex.Application.csproj", "{AAAF28B2-396B-4A1B-B6E6-D12B14B4A55B}"
EndProject
Project("{9A19103F-16F7-4668-BE54-9A1E7A4F7556}") = "Yandex.Infrastructure", "Yandex\Yandex.Infrastructure\Yandex.Infrastructure.csproj", "{7D50A88E-F7C4-419A-A502-15E7301D8FAD}"
EndProject
Project("{2150E333-8FDC-42A3-9474-1A3956D46DE8}") = "Payment", "Payment", "{783B07B7-F516-46CE-9192-7B0DEAC505C0}"
EndProject
Project("{FAE04EC0-301F-11D3-BF4B-00C04F79EFBC}") = "Payment.Api", "Payment\Payment.Api\Payment.Api.csproj", "{DC9F8C42-0EFF-41C0-8671-71DBFEB88765}"
EndProject
Project("{FAE04EC0-301F-11D3-BF4B-00C04F79EFBC}") = "Payment.Application", "Payment\Payment.Application\Payment.Application.csproj", "{F582174A-6649-4737-8290-36A1B4389482}"
EndProject
Project("{FAE04EC0-301F-11D3-BF4B-00C04F79EFBC}") = "Payment.Domain", "Payment\Payment.Domain\Payment.Domain.csproj", "{55704015-211C-4E18-A6BA-9F80C948021B}"
EndProject
Project("{FAE04EC0-301F-11D3-BF4B-00C04F79EFBC}") = "Payment.Infrastructure", "Payment\Payment.Infrastructure\Payment.Infrastructure.csproj", "{9E9CDAD2-AE0F-4A57-BE5F-AEA799F57B66}"
EndProject
Global
	GlobalSection(SolutionConfigurationPlatforms) = preSolution
		Debug|Any CPU = Debug|Any CPU
		Release|Any CPU = Release|Any CPU
	EndGlobalSection
	GlobalSection(ProjectConfigurationPlatforms) = postSolution
		{F5F5EFE8-5A43-4BAC-9854-95D9591BAE26}.Debug|Any CPU.ActiveCfg = Debug|Any CPU
		{F5F5EFE8-5A43-4BAC-9854-95D9591BAE26}.Debug|Any CPU.Build.0 = Debug|Any CPU
		{F5F5EFE8-5A43-4BAC-9854-95D9591BAE26}.Release|Any CPU.ActiveCfg = Release|Any CPU
		{F5F5EFE8-5A43-4BAC-9854-95D9591BAE26}.Release|Any CPU.Build.0 = Release|Any CPU
		{DCADAC6E-09C6-4310-952C-776E04C67FED}.Debug|Any CPU.ActiveCfg = Debug|Any CPU
		{DCADAC6E-09C6-4310-952C-776E04C67FED}.Debug|Any CPU.Build.0 = Debug|Any CPU
		{DCADAC6E-09C6-4310-952C-776E04C67FED}.Release|Any CPU.ActiveCfg = Release|Any CPU
		{DCADAC6E-09C6-4310-952C-776E04C67FED}.Release|Any CPU.Build.0 = Release|Any CPU
		{2354F9AD-B516-45C7-93A1-9C2913AFDAF9}.Debug|Any CPU.ActiveCfg = Debug|Any CPU
		{2354F9AD-B516-45C7-93A1-9C2913AFDAF9}.Debug|Any CPU.Build.0 = Debug|Any CPU
		{2354F9AD-B516-45C7-93A1-9C2913AFDAF9}.Release|Any CPU.ActiveCfg = Release|Any CPU
		{2354F9AD-B516-45C7-93A1-9C2913AFDAF9}.Release|Any CPU.Build.0 = Release|Any CPU
		{3DB2895C-70A7-469B-9B03-E93292CB9B39}.Debug|Any CPU.ActiveCfg = Debug|Any CPU
		{3DB2895C-70A7-469B-9B03-E93292CB9B39}.Debug|Any CPU.Build.0 = Debug|Any CPU
		{3DB2895C-70A7-469B-9B03-E93292CB9B39}.Release|Any CPU.ActiveCfg = Release|Any CPU
		{3DB2895C-70A7-469B-9B03-E93292CB9B39}.Release|Any CPU.Build.0 = Release|Any CPU
		{610D562B-CF3B-4EC2-96C4-5AA720E5B731}.Debug|Any CPU.ActiveCfg = Debug|Any CPU
		{610D562B-CF3B-4EC2-96C4-5AA720E5B731}.Debug|Any CPU.Build.0 = Debug|Any CPU
		{610D562B-CF3B-4EC2-96C4-5AA720E5B731}.Release|Any CPU.ActiveCfg = Release|Any CPU
		{610D562B-CF3B-4EC2-96C4-5AA720E5B731}.Release|Any CPU.Build.0 = Release|Any CPU
		{EAB351AF-F4D9-4E55-AE65-3E18ADE31072}.Debug|Any CPU.ActiveCfg = Debug|Any CPU
		{EAB351AF-F4D9-4E55-AE65-3E18ADE31072}.Debug|Any CPU.Build.0 = Debug|Any CPU
		{EAB351AF-F4D9-4E55-AE65-3E18ADE31072}.Release|Any CPU.ActiveCfg = Release|Any CPU
		{EAB351AF-F4D9-4E55-AE65-3E18ADE31072}.Release|Any CPU.Build.0 = Release|Any CPU
		{7E72D099-A502-4907-A8FD-42B695EC9D6D}.Debug|Any CPU.ActiveCfg = Debug|Any CPU
		{7E72D099-A502-4907-A8FD-42B695EC9D6D}.Debug|Any CPU.Build.0 = Debug|Any CPU
		{7E72D099-A502-4907-A8FD-42B695EC9D6D}.Release|Any CPU.ActiveCfg = Release|Any CPU
		{7E72D099-A502-4907-A8FD-42B695EC9D6D}.Release|Any CPU.Build.0 = Release|Any CPU
		{655D50D5-B239-40A6-B42C-B9053080F436}.Debug|Any CPU.ActiveCfg = Debug|Any CPU
		{655D50D5-B239-40A6-B42C-B9053080F436}.Debug|Any CPU.Build.0 = Debug|Any CPU
		{655D50D5-B239-40A6-B42C-B9053080F436}.Release|Any CPU.ActiveCfg = Release|Any CPU
		{655D50D5-B239-40A6-B42C-B9053080F436}.Release|Any CPU.Build.0 = Release|Any CPU
		{B267D7B3-DBAB-423A-9FFB-3EA3FCFF1E7E}.Debug|Any CPU.ActiveCfg = Debug|Any CPU
		{B267D7B3-DBAB-423A-9FFB-3EA3FCFF1E7E}.Debug|Any CPU.Build.0 = Debug|Any CPU
		{B267D7B3-DBAB-423A-9FFB-3EA3FCFF1E7E}.Release|Any CPU.ActiveCfg = Release|Any CPU
		{B267D7B3-DBAB-423A-9FFB-3EA3FCFF1E7E}.Release|Any CPU.Build.0 = Release|Any CPU
		{126E94E4-DA5E-4807-88ED-0523D7D6A1E7}.Debug|Any CPU.ActiveCfg = Debug|Any CPU
		{126E94E4-DA5E-4807-88ED-0523D7D6A1E7}.Debug|Any CPU.Build.0 = Debug|Any CPU
		{126E94E4-DA5E-4807-88ED-0523D7D6A1E7}.Release|Any CPU.ActiveCfg = Release|Any CPU
		{126E94E4-DA5E-4807-88ED-0523D7D6A1E7}.Release|Any CPU.Build.0 = Release|Any CPU
		{B9B09437-E7A3-4F24-8666-A5FF88A96999}.Debug|Any CPU.ActiveCfg = Debug|Any CPU
		{B9B09437-E7A3-4F24-8666-A5FF88A96999}.Debug|Any CPU.Build.0 = Debug|Any CPU
		{B9B09437-E7A3-4F24-8666-A5FF88A96999}.Release|Any CPU.ActiveCfg = Release|Any CPU
		{B9B09437-E7A3-4F24-8666-A5FF88A96999}.Release|Any CPU.Build.0 = Release|Any CPU
		{172E7536-99EF-4688-A165-F4816A3E7480}.Debug|Any CPU.ActiveCfg = Debug|Any CPU
		{172E7536-99EF-4688-A165-F4816A3E7480}.Debug|Any CPU.Build.0 = Debug|Any CPU
		{172E7536-99EF-4688-A165-F4816A3E7480}.Release|Any CPU.ActiveCfg = Release|Any CPU
		{172E7536-99EF-4688-A165-F4816A3E7480}.Release|Any CPU.Build.0 = Release|Any CPU
		{71422E4B-0466-4C25-98EF-3D95A23758DF}.Debug|Any CPU.ActiveCfg = Debug|Any CPU
		{71422E4B-0466-4C25-98EF-3D95A23758DF}.Debug|Any CPU.Build.0 = Debug|Any CPU
		{71422E4B-0466-4C25-98EF-3D95A23758DF}.Release|Any CPU.ActiveCfg = Release|Any CPU
		{71422E4B-0466-4C25-98EF-3D95A23758DF}.Release|Any CPU.Build.0 = Release|Any CPU
		{AAAF28B2-396B-4A1B-B6E6-D12B14B4A55B}.Debug|Any CPU.ActiveCfg = Debug|Any CPU
		{AAAF28B2-396B-4A1B-B6E6-D12B14B4A55B}.Debug|Any CPU.Build.0 = Debug|Any CPU
		{AAAF28B2-396B-4A1B-B6E6-D12B14B4A55B}.Release|Any CPU.ActiveCfg = Release|Any CPU
		{AAAF28B2-396B-4A1B-B6E6-D12B14B4A55B}.Release|Any CPU.Build.0 = Release|Any CPU
		{7D50A88E-F7C4-419A-A502-15E7301D8FAD}.Debug|Any CPU.ActiveCfg = Debug|Any CPU
		{7D50A88E-F7C4-419A-A502-15E7301D8FAD}.Debug|Any CPU.Build.0 = Debug|Any CPU
		{7D50A88E-F7C4-419A-A502-15E7301D8FAD}.Release|Any CPU.ActiveCfg = Release|Any CPU
		{7D50A88E-F7C4-419A-A502-15E7301D8FAD}.Release|Any CPU.Build.0 = Release|Any CPU
		{DC9F8C42-0EFF-41C0-8671-71DBFEB88765}.Debug|Any CPU.ActiveCfg = Debug|Any CPU
		{DC9F8C42-0EFF-41C0-8671-71DBFEB88765}.Debug|Any CPU.Build.0 = Debug|Any CPU
		{DC9F8C42-0EFF-41C0-8671-71DBFEB88765}.Release|Any CPU.ActiveCfg = Release|Any CPU
		{DC9F8C42-0EFF-41C0-8671-71DBFEB88765}.Release|Any CPU.Build.0 = Release|Any CPU
		{F582174A-6649-4737-8290-36A1B4389482}.Debug|Any CPU.ActiveCfg = Debug|Any CPU
		{F582174A-6649-4737-8290-36A1B4389482}.Debug|Any CPU.Build.0 = Debug|Any CPU
		{F582174A-6649-4737-8290-36A1B4389482}.Release|Any CPU.ActiveCfg = Release|Any CPU
		{F582174A-6649-4737-8290-36A1B4389482}.Release|Any CPU.Build.0 = Release|Any CPU
		{55704015-211C-4E18-A6BA-9F80C948021B}.Debug|Any CPU.ActiveCfg = Debug|Any CPU
		{55704015-211C-4E18-A6BA-9F80C948021B}.Debug|Any CPU.Build.0 = Debug|Any CPU
		{55704015-211C-4E18-A6BA-9F80C948021B}.Release|Any CPU.ActiveCfg = Release|Any CPU
		{55704015-211C-4E18-A6BA-9F80C948021B}.Release|Any CPU.Build.0 = Release|Any CPU
		{9E9CDAD2-AE0F-4A57-BE5F-AEA799F57B66}.Debug|Any CPU.ActiveCfg = Debug|Any CPU
		{9E9CDAD2-AE0F-4A57-BE5F-AEA799F57B66}.Debug|Any CPU.Build.0 = Debug|Any CPU
		{9E9CDAD2-AE0F-4A57-BE5F-AEA799F57B66}.Release|Any CPU.ActiveCfg = Release|Any CPU
		{9E9CDAD2-AE0F-4A57-BE5F-AEA799F57B66}.Release|Any CPU.Build.0 = Release|Any CPU
	EndGlobalSection
	GlobalSection(SolutionProperties) = preSolution
		HideSolutionNode = FALSE
	EndGlobalSection
	GlobalSection(NestedProjects) = preSolution
		{F5F5EFE8-5A43-4BAC-9854-95D9591BAE26} = {3B74ABBE-6E46-456C-BDAB-897A13CF906C}
		{DCADAC6E-09C6-4310-952C-776E04C67FED} = {3B74ABBE-6E46-456C-BDAB-897A13CF906C}
		{2354F9AD-B516-45C7-93A1-9C2913AFDAF9} = {3B74ABBE-6E46-456C-BDAB-897A13CF906C}
		{3DB2895C-70A7-469B-9B03-E93292CB9B39} = {3B74ABBE-6E46-456C-BDAB-897A13CF906C}
		{EAB351AF-F4D9-4E55-AE65-3E18ADE31072} = {A657142A-C48D-4EDD-A475-9ED5CDC4A315}
		{7E72D099-A502-4907-A8FD-42B695EC9D6D} = {55F9D3C3-EC0C-4CBA-BEED-12B1FEF605CB}
		{655D50D5-B239-40A6-B42C-B9053080F436} = {B52E3826-8866-47F5-8B39-4EE214CE4EB1}
		{B267D7B3-DBAB-423A-9FFB-3EA3FCFF1E7E} = {B52E3826-8866-47F5-8B39-4EE214CE4EB1}
		{126E94E4-DA5E-4807-88ED-0523D7D6A1E7} = {B52E3826-8866-47F5-8B39-4EE214CE4EB1}
		{B9B09437-E7A3-4F24-8666-A5FF88A96999} = {B52E3826-8866-47F5-8B39-4EE214CE4EB1}
		{172E7536-99EF-4688-A165-F4816A3E7480} = {BCD4A215-8C52-4D3B-85BC-E1DBD91ECF96}
		{71422E4B-0466-4C25-98EF-3D95A23758DF} = {BCD4A215-8C52-4D3B-85BC-E1DBD91ECF96}
		{AAAF28B2-396B-4A1B-B6E6-D12B14B4A55B} = {BCD4A215-8C52-4D3B-85BC-E1DBD91ECF96}
		{7D50A88E-F7C4-419A-A502-15E7301D8FAD} = {BCD4A215-8C52-4D3B-85BC-E1DBD91ECF96}
		{DC9F8C42-0EFF-41C0-8671-71DBFEB88765} = {783B07B7-F516-46CE-9192-7B0DEAC505C0}
		{F582174A-6649-4737-8290-36A1B4389482} = {783B07B7-F516-46CE-9192-7B0DEAC505C0}
		{55704015-211C-4E18-A6BA-9F80C948021B} = {783B07B7-F516-46CE-9192-7B0DEAC505C0}
		{9E9CDAD2-AE0F-4A57-BE5F-AEA799F57B66} = {783B07B7-F516-46CE-9192-7B0DEAC505C0}
	EndGlobalSection
	GlobalSection(ExtensibilityGlobals) = postSolution
		SolutionGuid = {69285D5A-6DB8-41BC-9106-2ABA3FC6F2D6}
	EndGlobalSection
EndGlobal
